dependencies:
- name: gateway
  repository: https://s3.amazonaws.com/kubefuncs-chart-repository/
  version: v0.0.3
- name: nsq
  repository: https://s3.amazonaws.com/kubefuncs-chart-repository/
  version: v0.0.2
digest: sha256:ff8c23ed92352ad9e67396b9ebade0a811dd0db76c7e46b323ca344181138d56
generated: 2018-07-09T07:17:21.648693098-07:00
