dependencies:
- name: gateway
  repository: https://s3.amazonaws.com/kubefuncs-chart-repository/
  version: v0.0.2
- name: nsq
  repository: https://s3.amazonaws.com/kubefuncs-chart-repository/
  version: v0.0.2
digest: sha256:fc43c350f7410534f9f3378f7aee00b08a1dfee7a70ffa1c77563611483107ac
generated: 2018-07-08T22:13:55.64162101-07:00
