dependencies:
- name: gateway
  repository: https://s3.amazonaws.com/kubefuncs-chart-repository/
  version: v0.1.0
- name: nsq
  repository: https://s3.amazonaws.com/kubefuncs-chart-repository/
  version: v0.1.0
digest: sha256:8d359e7b8a6a305eb956f0665a1c9ed823f6a6c960a0143be973cb9c05ae325c
generated: 2018-07-19T07:26:25.771657294-07:00
